// !$*UTF8*$!
{
	archiveVersion = 1;
	classes = {
	};
	objectVersion = 51;
	objects = {

/* Begin PBXBuildFile section */
		0486EC4C25A76F0900339D0B /* CheckoutDTO.swift in Sources */ = {isa = PBXBuildFile; fileRef = 0486EC4B25A76F0900339D0B /* CheckoutDTO.swift */; };
		0486EC6525AA258400339D0B /* CartListVc.swift in Sources */ = {isa = PBXBuildFile; fileRef = 0486EC6425AA258400339D0B /* CartListVc.swift */; };
		0486EC7D25AA279D00339D0B /* CartViewModel.swift in Sources */ = {isa = PBXBuildFile; fileRef = 0486EC7C25AA279D00339D0B /* CartViewModel.swift */; };
		3865154FA3E8B8435D91A06B /* Pods_GrubChill_GrubChillUITests.framework in Frameworks */ = {isa = PBXBuildFile; fileRef = C7E7CE2C39704264C7400886 /* Pods_GrubChill_GrubChillUITests.framework */; };
		451AEA04F9FF5D71DD13EFEE /* Pods_GrubChillTests.framework in Frameworks */ = {isa = PBXBuildFile; fileRef = 11AF05F2AA3EEB2012FA0B17 /* Pods_GrubChillTests.framework */; };
		847CC69C25740CF6006588EB /* DatabaseHandler.swift in Sources */ = {isa = PBXBuildFile; fileRef = 847CC69A25740CF6006588EB /* DatabaseHandler.swift */; };
		847CC69D25740CF6006588EB /* DBHandler.swift in Sources */ = {isa = PBXBuildFile; fileRef = 847CC69B25740CF6006588EB /* DBHandler.swift */; };
		847CC6A225742474006588EB /* CartDTO.swift in Sources */ = {isa = PBXBuildFile; fileRef = 847CC6A125742474006588EB /* CartDTO.swift */; };
		847CC6C12579527D006588EB /* OptionMenuViewController.swift in Sources */ = {isa = PBXBuildFile; fileRef = 847CC6C02579527D006588EB /* OptionMenuViewController.swift */; };
		847CC6C6257952E2006588EB /* OptionMenuTableViewCell.swift in Sources */ = {isa = PBXBuildFile; fileRef = 847CC6C5257952E2006588EB /* OptionMenuTableViewCell.swift */; };
		847CC6CC25795B03006588EB /* checkbox.png in Resources */ = {isa = PBXBuildFile; fileRef = 847CC6CA25795B03006588EB /* checkbox.png */; };
		847CC6CD25795B03006588EB /* uncheck.png in Resources */ = {isa = PBXBuildFile; fileRef = 847CC6CB25795B03006588EB /* uncheck.png */; };
		847CC6D225795FFA006588EB /* DeliveryTypeViewController.swift in Sources */ = {isa = PBXBuildFile; fileRef = 847CC6D125795FFA006588EB /* DeliveryTypeViewController.swift */; };
		847CC6D7257968F0006588EB /* MyOrders.storyboard in Resources */ = {isa = PBXBuildFile; fileRef = 847CC6D6257968F0006588EB /* MyOrders.storyboard */; };
		847CC6DC2579692D006588EB /* MyOrdersViewController.swift in Sources */ = {isa = PBXBuildFile; fileRef = 847CC6DB2579692D006588EB /* MyOrdersViewController.swift */; };
		847CC6E5257970EC006588EB /* MyOrderTableViewCell.swift in Sources */ = {isa = PBXBuildFile; fileRef = 847CC6E4257970EC006588EB /* MyOrderTableViewCell.swift */; };
		847CC6EA257973A0006588EB /* calendar.png in Resources */ = {isa = PBXBuildFile; fileRef = 847CC6E92579739F006588EB /* calendar.png */; };
		84A5A709257BBB8500A5CF86 /* MyOrderDTO.swift in Sources */ = {isa = PBXBuildFile; fileRef = 84A5A708257BBB8500A5CF86 /* MyOrderDTO.swift */; };
		84A5A70E257BEB7000A5CF86 /* OrderListPopupViewController.swift in Sources */ = {isa = PBXBuildFile; fileRef = 84A5A70D257BEB7000A5CF86 /* OrderListPopupViewController.swift */; };
		84A5A713257BECC800A5CF86 /* OrderListTableViewCell.swift in Sources */ = {isa = PBXBuildFile; fileRef = 84A5A712257BECC800A5CF86 /* OrderListTableViewCell.swift */; };
		84B58EDA2572C0E000CAE9B2 /* MenuItemsTableViewCell.swift in Sources */ = {isa = PBXBuildFile; fileRef = 84B58ED82572C0E000CAE9B2 /* MenuItemsTableViewCell.swift */; };
		84B58EE12572E12F00CAE9B2 /* IntrinsicTableView.swift in Sources */ = {isa = PBXBuildFile; fileRef = 84B58EE02572E12F00CAE9B2 /* IntrinsicTableView.swift */; };
		84B58EEC2573A37400CAE9B2 /* AddressCollectionViewCell.swift in Sources */ = {isa = PBXBuildFile; fileRef = 84B58EEB2573A37400CAE9B2 /* AddressCollectionViewCell.swift */; };
		D4B9C867965E6F1EF94FD7CB /* Pods_GrubChill.framework in Frameworks */ = {isa = PBXBuildFile; fileRef = 0D261FF5DD0C4F8C8A0FA34D /* Pods_GrubChill.framework */; };
		F4436BE22572A9FA006A01F8 /* RestrauntDetailHeaderCell.swift in Sources */ = {isa = PBXBuildFile; fileRef = F4436BE02572A9FA006A01F8 /* RestrauntDetailHeaderCell.swift */; };
		F4436BE32572A9FA006A01F8 /* RestrauntDetailHeaderCell.xib in Resources */ = {isa = PBXBuildFile; fileRef = F4436BE12572A9FA006A01F8 /* RestrauntDetailHeaderCell.xib */; };
		F4743D45256C0FA900BB9E57 /* Constant.swift in Sources */ = {isa = PBXBuildFile; fileRef = F4743D44256C0FA900BB9E57 /* Constant.swift */; };
		F4743D5A256C349F00BB9E57 /* LoginPreference.swift in Sources */ = {isa = PBXBuildFile; fileRef = F4743D59256C349F00BB9E57 /* LoginPreference.swift */; };
		F4743D5F256C3F1200BB9E57 /* SupportViewController.swift in Sources */ = {isa = PBXBuildFile; fileRef = F4743D5E256C3F1200BB9E57 /* SupportViewController.swift */; };
		F4743D64256C3F2000BB9E57 /* MyProfileViewController.swift in Sources */ = {isa = PBXBuildFile; fileRef = F4743D63256C3F2000BB9E57 /* MyProfileViewController.swift */; };
		F4743D6A256C3FB700BB9E57 /* Profile.storyboard in Resources */ = {isa = PBXBuildFile; fileRef = F4743D69256C3FB700BB9E57 /* Profile.storyboard */; };
		F49D6F5B256E6417003CAA66 /* RestrauntsDTO.swift in Sources */ = {isa = PBXBuildFile; fileRef = F49D6F5A256E6417003CAA66 /* RestrauntsDTO.swift */; };
		F49D6F67256E66A0003CAA66 /* UIImageView+ext.swift in Sources */ = {isa = PBXBuildFile; fileRef = F49D6F66256E66A0003CAA66 /* UIImageView+ext.swift */; };
		F49D6FCE25700FA0003CAA66 /* DashboardTableViewCell.swift in Sources */ = {isa = PBXBuildFile; fileRef = F49D6FCD25700FA0003CAA66 /* DashboardTableViewCell.swift */; };
		F49D6FDC25701611003CAA66 /* Dashboard.storyboard in Resources */ = {isa = PBXBuildFile; fileRef = F49D6FDB25701611003CAA66 /* Dashboard.storyboard */; };
		F49D6FE425701744003CAA66 /* RestrauntMenuViewController.swift in Sources */ = {isa = PBXBuildFile; fileRef = F49D6FE325701744003CAA66 /* RestrauntMenuViewController.swift */; };
		F49D6FE925701CD3003CAA66 /* RestrauntMenusTableViewCell.swift in Sources */ = {isa = PBXBuildFile; fileRef = F49D6FE825701CD3003CAA66 /* RestrauntMenusTableViewCell.swift */; };
		F49D6FEE25701D68003CAA66 /* RestrauntMenuDTO.swift in Sources */ = {isa = PBXBuildFile; fileRef = F49D6FED25701D68003CAA66 /* RestrauntMenuDTO.swift */; };
		F4A35C58258F6BA8006866A5 /* CartResponseDTO.swift in Sources */ = {isa = PBXBuildFile; fileRef = F4A35C57258F6BA8006866A5 /* CartResponseDTO.swift */; };
		F4C263682573DE6E00EEC41B /* CartTableViewCell.swift in Sources */ = {isa = PBXBuildFile; fileRef = F4C263672573DE6E00EEC41B /* CartTableViewCell.swift */; };
		F4C9952E256AB9D7002A3A6C /* AppDelegate.swift in Sources */ = {isa = PBXBuildFile; fileRef = F4C9952D256AB9D7002A3A6C /* AppDelegate.swift */; };
		F4C99530256AB9D7002A3A6C /* SceneDelegate.swift in Sources */ = {isa = PBXBuildFile; fileRef = F4C9952F256AB9D7002A3A6C /* SceneDelegate.swift */; };
		F4C99532256AB9D7002A3A6C /* LoginViewController.swift in Sources */ = {isa = PBXBuildFile; fileRef = F4C99531256AB9D7002A3A6C /* LoginViewController.swift */; };
		F4C99535256AB9D7002A3A6C /* Main.storyboard in Resources */ = {isa = PBXBuildFile; fileRef = F4C99533256AB9D7002A3A6C /* Main.storyboard */; };
		F4C99537256AB9D9002A3A6C /* Assets.xcassets in Resources */ = {isa = PBXBuildFile; fileRef = F4C99536256AB9D9002A3A6C /* Assets.xcassets */; };
		F4C9953A256AB9D9002A3A6C /* LaunchScreen.storyboard in Resources */ = {isa = PBXBuildFile; fileRef = F4C99538256AB9D9002A3A6C /* LaunchScreen.storyboard */; };
		F4C99545256AB9D9002A3A6C /* GrubChillTests.swift in Sources */ = {isa = PBXBuildFile; fileRef = F4C99544256AB9D9002A3A6C /* GrubChillTests.swift */; };
		F4C99550256AB9D9002A3A6C /* GrubChillUITests.swift in Sources */ = {isa = PBXBuildFile; fileRef = F4C9954F256AB9D9002A3A6C /* GrubChillUITests.swift */; };
		F4C99592256ABA5A002A3A6C /* check.png in Resources */ = {isa = PBXBuildFile; fileRef = F4C9956B256ABA5A002A3A6C /* check.png */; };
		F4C99593256ABA5A002A3A6C /* support.png in Resources */ = {isa = PBXBuildFile; fileRef = F4C9956C256ABA5A002A3A6C /* support.png */; };
		F4C99594256ABA5A002A3A6C /* mexica.png in Resources */ = {isa = PBXBuildFile; fileRef = F4C9956D256ABA5A002A3A6C /* mexica.png */; };
		F4C99595256ABA5A002A3A6C /* aboutus.png in Resources */ = {isa = PBXBuildFile; fileRef = F4C9956E256ABA5A002A3A6C /* aboutus.png */; };
		F4C99596256ABA5A002A3A6C /* banner5.jpeg in Resources */ = {isa = PBXBuildFile; fileRef = F4C9956F256ABA5A002A3A6C /* banner5.jpeg */; };
		F4C99597256ABA5A002A3A6C /* cart.png in Resources */ = {isa = PBXBuildFile; fileRef = F4C99570256ABA5A002A3A6C /* cart.png */; };
		F4C99598256ABA5A002A3A6C /* french.png in Resources */ = {isa = PBXBuildFile; fileRef = F4C99571256ABA5A002A3A6C /* french.png */; };
		F4C99599256ABA5A002A3A6C /* noodle.png in Resources */ = {isa = PBXBuildFile; fileRef = F4C99572256ABA5A002A3A6C /* noodle.png */; };
		F4C9959A256ABA5A002A3A6C /* check-2.png in Resources */ = {isa = PBXBuildFile; fileRef = F4C99573256ABA5A002A3A6C /* check-2.png */; };
		F4C9959B256ABA5A002A3A6C /* discount.png in Resources */ = {isa = PBXBuildFile; fileRef = F4C99574256ABA5A002A3A6C /* discount.png */; };
		F4C9959C256ABA5A002A3A6C /* order.png in Resources */ = {isa = PBXBuildFile; fileRef = F4C99575256ABA5A002A3A6C /* order.png */; };
		F4C9959D256ABA5A002A3A6C /* dish2.png in Resources */ = {isa = PBXBuildFile; fileRef = F4C99576256ABA5A002A3A6C /* dish2.png */; };
		F4C9959E256ABA5A002A3A6C /* banner.png in Resources */ = {isa = PBXBuildFile; fileRef = F4C99577256ABA5A002A3A6C /* banner.png */; };
		F4C9959F256ABA5A002A3A6C /* banner2.jpg in Resources */ = {isa = PBXBuildFile; fileRef = F4C99578256ABA5A002A3A6C /* banner2.jpg */; };
		F4C995A0256ABA5A002A3A6C /* delivery.png in Resources */ = {isa = PBXBuildFile; fileRef = F4C99579256ABA5A002A3A6C /* delivery.png */; };
		F4C995A1256ABA5A002A3A6C /* banner3.jpg in Resources */ = {isa = PBXBuildFile; fileRef = F4C9957A256ABA5A002A3A6C /* banner3.jpg */; };
		F4C995A2256ABA5A002A3A6C /* visibility.png in Resources */ = {isa = PBXBuildFile; fileRef = F4C9957B256ABA5A002A3A6C /* visibility.png */; };
		F4C995A3256ABA5A002A3A6C /* logout.png in Resources */ = {isa = PBXBuildFile; fileRef = F4C9957C256ABA5A002A3A6C /* logout.png */; };
		F4C995A4256ABA5A002A3A6C /* term.png in Resources */ = {isa = PBXBuildFile; fileRef = F4C9957D256ABA5A002A3A6C /* term.png */; };
		F4C995A5256ABA5A002A3A6C /* home.png in Resources */ = {isa = PBXBuildFile; fileRef = F4C9957E256ABA5A002A3A6C /* home.png */; };
		F4C995A6256ABA5A002A3A6C /* banner4.png in Resources */ = {isa = PBXBuildFile; fileRef = F4C9957F256ABA5A002A3A6C /* banner4.png */; };
		F4C995A7256ABA5A002A3A6C /* user.png in Resources */ = {isa = PBXBuildFile; fileRef = F4C99580256ABA5A002A3A6C /* user.png */; };
		F4C995A8256ABA5A002A3A6C /* menu.png in Resources */ = {isa = PBXBuildFile; fileRef = F4C99581256ABA5A002A3A6C /* menu.png */; };
		F4C995A9256ABA5A002A3A6C /* dishitem3.png in Resources */ = {isa = PBXBuildFile; fileRef = F4C99582256ABA5A002A3A6C /* dishitem3.png */; };
		F4C995AA256ABA5A002A3A6C /* password.png in Resources */ = {isa = PBXBuildFile; fileRef = F4C99583256ABA5A002A3A6C /* password.png */; };
		F4C995AB256ABA5A002A3A6C /* dishitem2.png in Resources */ = {isa = PBXBuildFile; fileRef = F4C99584256ABA5A002A3A6C /* dishitem2.png */; };
		F4C995AC256ABA5A002A3A6C /* logo.png in Resources */ = {isa = PBXBuildFile; fileRef = F4C99585256ABA5A002A3A6C /* logo.png */; };
		F4C995AD256ABA5A002A3A6C /* dishitem6.png in Resources */ = {isa = PBXBuildFile; fileRef = F4C99586256ABA5A002A3A6C /* dishitem6.png */; };
		F4C995AE256ABA5A002A3A6C /* dishitem7.png in Resources */ = {isa = PBXBuildFile; fileRef = F4C99587256ABA5A002A3A6C /* dishitem7.png */; };
		F4C995AF256ABA5A002A3A6C /* dishitem5.png in Resources */ = {isa = PBXBuildFile; fileRef = F4C99588256ABA5A002A3A6C /* dishitem5.png */; };
		F4C995B0256ABA5A002A3A6C /* profile.png in Resources */ = {isa = PBXBuildFile; fileRef = F4C99589256ABA5A002A3A6C /* profile.png */; };
		F4C995B1256ABA5A002A3A6C /* dishitem4.png in Resources */ = {isa = PBXBuildFile; fileRef = F4C9958A256ABA5A002A3A6C /* dishitem4.png */; };
		F4C995B2256ABA5A002A3A6C /* rest1.png in Resources */ = {isa = PBXBuildFile; fileRef = F4C9958B256ABA5A002A3A6C /* rest1.png */; };
		F4C995B3256ABA5A002A3A6C /* dish.png in Resources */ = {isa = PBXBuildFile; fileRef = F4C9958C256ABA5A002A3A6C /* dish.png */; };
		F4C995B4256ABA5A002A3A6C /* rest2.png in Resources */ = {isa = PBXBuildFile; fileRef = F4C9958D256ABA5A002A3A6C /* rest2.png */; };
		F4C995B5256ABA5A002A3A6C /* veg.png in Resources */ = {isa = PBXBuildFile; fileRef = F4C9958E256ABA5A002A3A6C /* veg.png */; };
		F4C995B6256ABA5A002A3A6C /* dishitem.png in Resources */ = {isa = PBXBuildFile; fileRef = F4C9958F256ABA5A002A3A6C /* dishitem.png */; };
		F4C995B7256ABA5A002A3A6C /* rest3.png in Resources */ = {isa = PBXBuildFile; fileRef = F4C99590256ABA5A002A3A6C /* rest3.png */; };
		F4C995B8256ABA5A002A3A6C /* back.png in Resources */ = {isa = PBXBuildFile; fileRef = F4C99591256ABA5A002A3A6C /* back.png */; };
		F4C995BF256ABFB4002A3A6C /* CustomView.swift in Sources */ = {isa = PBXBuildFile; fileRef = F4C995BE256ABFB4002A3A6C /* CustomView.swift */; };
		F4C995C7256AC330002A3A6C /* CustomButton.swift in Sources */ = {isa = PBXBuildFile; fileRef = F4C995C6256AC330002A3A6C /* CustomButton.swift */; };
		F4C995DB256ACBFA002A3A6C /* UIStoryboard+ext.swift in Sources */ = {isa = PBXBuildFile; fileRef = F4C995DA256ACBFA002A3A6C /* UIStoryboard+ext.swift */; };
		F4C995F5256AD2F4002A3A6C /* SideMenuViewController.swift in Sources */ = {isa = PBXBuildFile; fileRef = F4C995F4256AD2F4002A3A6C /* SideMenuViewController.swift */; };
		F4C995FB256AD315002A3A6C /* SideMenuCell.swift in Sources */ = {isa = PBXBuildFile; fileRef = F4C995FA256AD315002A3A6C /* SideMenuCell.swift */; };
		F4C99603256ADA20002A3A6C /* HomeViewController.swift in Sources */ = {isa = PBXBuildFile; fileRef = F4C99602256ADA20002A3A6C /* HomeViewController.swift */; };
		F4C99608256AE289002A3A6C /* SideMenu.storyboard in Resources */ = {isa = PBXBuildFile; fileRef = F4C99607256AE289002A3A6C /* SideMenu.storyboard */; };
		F4C9960D256AE373002A3A6C /* TermsandConditionViewController.swift in Sources */ = {isa = PBXBuildFile; fileRef = F4C9960C256AE373002A3A6C /* TermsandConditionViewController.swift */; };
		F4C9961F256B8D83002A3A6C /* Cart.storyboard in Resources */ = {isa = PBXBuildFile; fileRef = F4C9961E256B8D82002A3A6C /* Cart.storyboard */; };
		F4C99627256B8FCC002A3A6C /* CartListViewController.swift in Sources */ = {isa = PBXBuildFile; fileRef = F4C99626256B8FCC002A3A6C /* CartListViewController.swift */; };
		F4C9962C256B8FF2002A3A6C /* BaseController.swift in Sources */ = {isa = PBXBuildFile; fileRef = F4C9962B256B8FF2002A3A6C /* BaseController.swift */; };
		F4EDFED7256BC3AB0056DCEB /* TopPickCollectionViewCell.swift in Sources */ = {isa = PBXBuildFile; fileRef = F4EDFED6256BC3AB0056DCEB /* TopPickCollectionViewCell.swift */; };
		F4EDFEDC256BD5530056DCEB /* RegisterViewController.swift in Sources */ = {isa = PBXBuildFile; fileRef = F4EDFEDB256BD5530056DCEB /* RegisterViewController.swift */; };
		F4EDFEE2256BDDA90056DCEB /* LoginModelDTO.swift in Sources */ = {isa = PBXBuildFile; fileRef = F4EDFEE1256BDDA90056DCEB /* LoginModelDTO.swift */; };
/* End PBXBuildFile section */

/* Begin PBXContainerItemProxy section */
		F4C99541256AB9D9002A3A6C /* PBXContainerItemProxy */ = {
			isa = PBXContainerItemProxy;
			containerPortal = F4C99522256AB9D7002A3A6C /* Project object */;
			proxyType = 1;
			remoteGlobalIDString = F4C99529256AB9D7002A3A6C;
			remoteInfo = GrubChill;
		};
		F4C9954C256AB9D9002A3A6C /* PBXContainerItemProxy */ = {
			isa = PBXContainerItemProxy;
			containerPortal = F4C99522256AB9D7002A3A6C /* Project object */;
			proxyType = 1;
			remoteGlobalIDString = F4C99529256AB9D7002A3A6C;
			remoteInfo = GrubChill;
		};
/* End PBXContainerItemProxy section */

/* Begin PBXFileReference section */
		0486EC4B25A76F0900339D0B /* CheckoutDTO.swift */ = {isa = PBXFileReference; lastKnownFileType = sourcecode.swift; path = CheckoutDTO.swift; sourceTree = "<group>"; };
		0486EC6425AA258400339D0B /* CartListVc.swift */ = {isa = PBXFileReference; lastKnownFileType = sourcecode.swift; path = CartListVc.swift; sourceTree = "<group>"; };
		0486EC7C25AA279D00339D0B /* CartViewModel.swift */ = {isa = PBXFileReference; lastKnownFileType = sourcecode.swift; path = CartViewModel.swift; sourceTree = "<group>"; };
		0D261FF5DD0C4F8C8A0FA34D /* Pods_GrubChill.framework */ = {isa = PBXFileReference; explicitFileType = wrapper.framework; includeInIndex = 0; path = Pods_GrubChill.framework; sourceTree = BUILT_PRODUCTS_DIR; };
		11AF05F2AA3EEB2012FA0B17 /* Pods_GrubChillTests.framework */ = {isa = PBXFileReference; explicitFileType = wrapper.framework; includeInIndex = 0; path = Pods_GrubChillTests.framework; sourceTree = BUILT_PRODUCTS_DIR; };
		50EA8FE4CFA37813F8EDB758 /* Pods-GrubChill-GrubChillUITests.release.xcconfig */ = {isa = PBXFileReference; includeInIndex = 1; lastKnownFileType = text.xcconfig; name = "Pods-GrubChill-GrubChillUITests.release.xcconfig"; path = "Target Support Files/Pods-GrubChill-GrubChillUITests/Pods-GrubChill-GrubChillUITests.release.xcconfig"; sourceTree = "<group>"; };
		5220C701F4F08C5626047B66 /* Pods-GrubChill.debug.xcconfig */ = {isa = PBXFileReference; includeInIndex = 1; lastKnownFileType = text.xcconfig; name = "Pods-GrubChill.debug.xcconfig"; path = "Target Support Files/Pods-GrubChill/Pods-GrubChill.debug.xcconfig"; sourceTree = "<group>"; };
		847CC69A25740CF6006588EB /* DatabaseHandler.swift */ = {isa = PBXFileReference; fileEncoding = 4; lastKnownFileType = sourcecode.swift; path = DatabaseHandler.swift; sourceTree = "<group>"; };
		847CC69B25740CF6006588EB /* DBHandler.swift */ = {isa = PBXFileReference; fileEncoding = 4; lastKnownFileType = sourcecode.swift; path = DBHandler.swift; sourceTree = "<group>"; };
		847CC6A125742474006588EB /* CartDTO.swift */ = {isa = PBXFileReference; lastKnownFileType = sourcecode.swift; path = CartDTO.swift; sourceTree = "<group>"; };
		847CC6C02579527D006588EB /* OptionMenuViewController.swift */ = {isa = PBXFileReference; lastKnownFileType = sourcecode.swift; path = OptionMenuViewController.swift; sourceTree = "<group>"; };
		847CC6C5257952E2006588EB /* OptionMenuTableViewCell.swift */ = {isa = PBXFileReference; lastKnownFileType = sourcecode.swift; path = OptionMenuTableViewCell.swift; sourceTree = "<group>"; };
		847CC6CA25795B03006588EB /* checkbox.png */ = {isa = PBXFileReference; lastKnownFileType = image.png; path = checkbox.png; sourceTree = "<group>"; };
		847CC6CB25795B03006588EB /* uncheck.png */ = {isa = PBXFileReference; lastKnownFileType = image.png; path = uncheck.png; sourceTree = "<group>"; };
		847CC6D125795FFA006588EB /* DeliveryTypeViewController.swift */ = {isa = PBXFileReference; lastKnownFileType = sourcecode.swift; path = DeliveryTypeViewController.swift; sourceTree = "<group>"; };
		847CC6D6257968F0006588EB /* MyOrders.storyboard */ = {isa = PBXFileReference; lastKnownFileType = file.storyboard; path = MyOrders.storyboard; sourceTree = "<group>"; };
		847CC6DB2579692D006588EB /* MyOrdersViewController.swift */ = {isa = PBXFileReference; lastKnownFileType = sourcecode.swift; path = MyOrdersViewController.swift; sourceTree = "<group>"; };
		847CC6E4257970EC006588EB /* MyOrderTableViewCell.swift */ = {isa = PBXFileReference; fileEncoding = 4; lastKnownFileType = sourcecode.swift; path = MyOrderTableViewCell.swift; sourceTree = "<group>"; };
		847CC6E92579739F006588EB /* calendar.png */ = {isa = PBXFileReference; lastKnownFileType = image.png; path = calendar.png; sourceTree = "<group>"; };
		84A5A708257BBB8500A5CF86 /* MyOrderDTO.swift */ = {isa = PBXFileReference; lastKnownFileType = sourcecode.swift; path = MyOrderDTO.swift; sourceTree = "<group>"; };
		84A5A70D257BEB7000A5CF86 /* OrderListPopupViewController.swift */ = {isa = PBXFileReference; lastKnownFileType = sourcecode.swift; path = OrderListPopupViewController.swift; sourceTree = "<group>"; };
		84A5A712257BECC800A5CF86 /* OrderListTableViewCell.swift */ = {isa = PBXFileReference; lastKnownFileType = sourcecode.swift; path = OrderListTableViewCell.swift; sourceTree = "<group>"; };
		84B58ED82572C0E000CAE9B2 /* MenuItemsTableViewCell.swift */ = {isa = PBXFileReference; lastKnownFileType = sourcecode.swift; path = MenuItemsTableViewCell.swift; sourceTree = "<group>"; };
		84B58EE02572E12F00CAE9B2 /* IntrinsicTableView.swift */ = {isa = PBXFileReference; lastKnownFileType = sourcecode.swift; path = IntrinsicTableView.swift; sourceTree = "<group>"; };
		84B58EEB2573A37400CAE9B2 /* AddressCollectionViewCell.swift */ = {isa = PBXFileReference; lastKnownFileType = sourcecode.swift; path = AddressCollectionViewCell.swift; sourceTree = "<group>"; };
		998133DE1912EA25714E5EAC /* Pods-GrubChill.release.xcconfig */ = {isa = PBXFileReference; includeInIndex = 1; lastKnownFileType = text.xcconfig; name = "Pods-GrubChill.release.xcconfig"; path = "Target Support Files/Pods-GrubChill/Pods-GrubChill.release.xcconfig"; sourceTree = "<group>"; };
		A6B9EB265F52F756A5742B4C /* Pods-GrubChillTests.debug.xcconfig */ = {isa = PBXFileReference; includeInIndex = 1; lastKnownFileType = text.xcconfig; name = "Pods-GrubChillTests.debug.xcconfig"; path = "Target Support Files/Pods-GrubChillTests/Pods-GrubChillTests.debug.xcconfig"; sourceTree = "<group>"; };
		B6DF07CBFA6F22133C51CB22 /* Pods-GrubChillTests.release.xcconfig */ = {isa = PBXFileReference; includeInIndex = 1; lastKnownFileType = text.xcconfig; name = "Pods-GrubChillTests.release.xcconfig"; path = "Target Support Files/Pods-GrubChillTests/Pods-GrubChillTests.release.xcconfig"; sourceTree = "<group>"; };
		C7E7CE2C39704264C7400886 /* Pods_GrubChill_GrubChillUITests.framework */ = {isa = PBXFileReference; explicitFileType = wrapper.framework; includeInIndex = 0; path = Pods_GrubChill_GrubChillUITests.framework; sourceTree = BUILT_PRODUCTS_DIR; };
		ED5D238FCE7A1CFE0011305F /* Pods-GrubChill-GrubChillUITests.debug.xcconfig */ = {isa = PBXFileReference; includeInIndex = 1; lastKnownFileType = text.xcconfig; name = "Pods-GrubChill-GrubChillUITests.debug.xcconfig"; path = "Target Support Files/Pods-GrubChill-GrubChillUITests/Pods-GrubChill-GrubChillUITests.debug.xcconfig"; sourceTree = "<group>"; };
		F4436BE02572A9FA006A01F8 /* RestrauntDetailHeaderCell.swift */ = {isa = PBXFileReference; lastKnownFileType = sourcecode.swift; path = RestrauntDetailHeaderCell.swift; sourceTree = "<group>"; };
		F4436BE12572A9FA006A01F8 /* RestrauntDetailHeaderCell.xib */ = {isa = PBXFileReference; lastKnownFileType = file.xib; path = RestrauntDetailHeaderCell.xib; sourceTree = "<group>"; };
		F4743D44256C0FA900BB9E57 /* Constant.swift */ = {isa = PBXFileReference; lastKnownFileType = sourcecode.swift; path = Constant.swift; sourceTree = "<group>"; };
		F4743D59256C349F00BB9E57 /* LoginPreference.swift */ = {isa = PBXFileReference; lastKnownFileType = sourcecode.swift; path = LoginPreference.swift; sourceTree = "<group>"; };
		F4743D5E256C3F1200BB9E57 /* SupportViewController.swift */ = {isa = PBXFileReference; lastKnownFileType = sourcecode.swift; path = SupportViewController.swift; sourceTree = "<group>"; };
		F4743D63256C3F2000BB9E57 /* MyProfileViewController.swift */ = {isa = PBXFileReference; lastKnownFileType = sourcecode.swift; path = MyProfileViewController.swift; sourceTree = "<group>"; };
		F4743D69256C3FB700BB9E57 /* Profile.storyboard */ = {isa = PBXFileReference; lastKnownFileType = file.storyboard; path = Profile.storyboard; sourceTree = "<group>"; };
		F49D6F5A256E6417003CAA66 /* RestrauntsDTO.swift */ = {isa = PBXFileReference; lastKnownFileType = sourcecode.swift; path = RestrauntsDTO.swift; sourceTree = "<group>"; };
		F49D6F66256E66A0003CAA66 /* UIImageView+ext.swift */ = {isa = PBXFileReference; lastKnownFileType = sourcecode.swift; path = "UIImageView+ext.swift"; sourceTree = "<group>"; };
		F49D6FCD25700FA0003CAA66 /* DashboardTableViewCell.swift */ = {isa = PBXFileReference; lastKnownFileType = sourcecode.swift; path = DashboardTableViewCell.swift; sourceTree = "<group>"; };
		F49D6FDB25701611003CAA66 /* Dashboard.storyboard */ = {isa = PBXFileReference; lastKnownFileType = file.storyboard; path = Dashboard.storyboard; sourceTree = "<group>"; };
		F49D6FE325701744003CAA66 /* RestrauntMenuViewController.swift */ = {isa = PBXFileReference; lastKnownFileType = sourcecode.swift; path = RestrauntMenuViewController.swift; sourceTree = "<group>"; };
		F49D6FE825701CD3003CAA66 /* RestrauntMenusTableViewCell.swift */ = {isa = PBXFileReference; lastKnownFileType = sourcecode.swift; path = RestrauntMenusTableViewCell.swift; sourceTree = "<group>"; };
		F49D6FED25701D68003CAA66 /* RestrauntMenuDTO.swift */ = {isa = PBXFileReference; lastKnownFileType = sourcecode.swift; path = RestrauntMenuDTO.swift; sourceTree = "<group>"; };
		F4A35C57258F6BA8006866A5 /* CartResponseDTO.swift */ = {isa = PBXFileReference; lastKnownFileType = sourcecode.swift; path = CartResponseDTO.swift; sourceTree = "<group>"; };
		F4C263672573DE6E00EEC41B /* CartTableViewCell.swift */ = {isa = PBXFileReference; lastKnownFileType = sourcecode.swift; path = CartTableViewCell.swift; sourceTree = "<group>"; };
		F4C9952A256AB9D7002A3A6C /* GrubChill.app */ = {isa = PBXFileReference; explicitFileType = wrapper.application; includeInIndex = 0; path = GrubChill.app; sourceTree = BUILT_PRODUCTS_DIR; };
		F4C9952D256AB9D7002A3A6C /* AppDelegate.swift */ = {isa = PBXFileReference; lastKnownFileType = sourcecode.swift; path = AppDelegate.swift; sourceTree = "<group>"; };
		F4C9952F256AB9D7002A3A6C /* SceneDelegate.swift */ = {isa = PBXFileReference; lastKnownFileType = sourcecode.swift; path = SceneDelegate.swift; sourceTree = "<group>"; };
		F4C99531256AB9D7002A3A6C /* LoginViewController.swift */ = {isa = PBXFileReference; lastKnownFileType = sourcecode.swift; path = LoginViewController.swift; sourceTree = "<group>"; };
		F4C99534256AB9D7002A3A6C /* Base */ = {isa = PBXFileReference; lastKnownFileType = file.storyboard; name = Base; path = Base.lproj/Main.storyboard; sourceTree = "<group>"; };
		F4C99536256AB9D9002A3A6C /* Assets.xcassets */ = {isa = PBXFileReference; lastKnownFileType = folder.assetcatalog; path = Assets.xcassets; sourceTree = "<group>"; };
		F4C99539256AB9D9002A3A6C /* Base */ = {isa = PBXFileReference; lastKnownFileType = file.storyboard; name = Base; path = Base.lproj/LaunchScreen.storyboard; sourceTree = "<group>"; };
		F4C9953B256AB9D9002A3A6C /* Info.plist */ = {isa = PBXFileReference; lastKnownFileType = text.plist.xml; path = Info.plist; sourceTree = "<group>"; };
		F4C99540256AB9D9002A3A6C /* GrubChillTests.xctest */ = {isa = PBXFileReference; explicitFileType = wrapper.cfbundle; includeInIndex = 0; path = GrubChillTests.xctest; sourceTree = BUILT_PRODUCTS_DIR; };
		F4C99544256AB9D9002A3A6C /* GrubChillTests.swift */ = {isa = PBXFileReference; lastKnownFileType = sourcecode.swift; path = GrubChillTests.swift; sourceTree = "<group>"; };
		F4C99546256AB9D9002A3A6C /* Info.plist */ = {isa = PBXFileReference; lastKnownFileType = text.plist.xml; path = Info.plist; sourceTree = "<group>"; };
		F4C9954B256AB9D9002A3A6C /* GrubChillUITests.xctest */ = {isa = PBXFileReference; explicitFileType = wrapper.cfbundle; includeInIndex = 0; path = GrubChillUITests.xctest; sourceTree = BUILT_PRODUCTS_DIR; };
		F4C9954F256AB9D9002A3A6C /* GrubChillUITests.swift */ = {isa = PBXFileReference; lastKnownFileType = sourcecode.swift; path = GrubChillUITests.swift; sourceTree = "<group>"; };
		F4C99551256AB9D9002A3A6C /* Info.plist */ = {isa = PBXFileReference; lastKnownFileType = text.plist.xml; path = Info.plist; sourceTree = "<group>"; };
		F4C9956B256ABA5A002A3A6C /* check.png */ = {isa = PBXFileReference; lastKnownFileType = image.png; path = check.png; sourceTree = "<group>"; };
		F4C9956C256ABA5A002A3A6C /* support.png */ = {isa = PBXFileReference; lastKnownFileType = image.png; path = support.png; sourceTree = "<group>"; };
		F4C9956D256ABA5A002A3A6C /* mexica.png */ = {isa = PBXFileReference; lastKnownFileType = image.png; path = mexica.png; sourceTree = "<group>"; };
		F4C9956E256ABA5A002A3A6C /* aboutus.png */ = {isa = PBXFileReference; lastKnownFileType = image.png; path = aboutus.png; sourceTree = "<group>"; };
		F4C9956F256ABA5A002A3A6C /* banner5.jpeg */ = {isa = PBXFileReference; lastKnownFileType = image.jpeg; path = banner5.jpeg; sourceTree = "<group>"; };
		F4C99570256ABA5A002A3A6C /* cart.png */ = {isa = PBXFileReference; lastKnownFileType = image.png; path = cart.png; sourceTree = "<group>"; };
		F4C99571256ABA5A002A3A6C /* french.png */ = {isa = PBXFileReference; lastKnownFileType = image.png; path = french.png; sourceTree = "<group>"; };
		F4C99572256ABA5A002A3A6C /* noodle.png */ = {isa = PBXFileReference; lastKnownFileType = image.png; path = noodle.png; sourceTree = "<group>"; };
		F4C99573256ABA5A002A3A6C /* check-2.png */ = {isa = PBXFileReference; lastKnownFileType = image.png; path = "check-2.png"; sourceTree = "<group>"; };
		F4C99574256ABA5A002A3A6C /* discount.png */ = {isa = PBXFileReference; lastKnownFileType = image.png; path = discount.png; sourceTree = "<group>"; };
		F4C99575256ABA5A002A3A6C /* order.png */ = {isa = PBXFileReference; lastKnownFileType = image.png; path = order.png; sourceTree = "<group>"; };
		F4C99576256ABA5A002A3A6C /* dish2.png */ = {isa = PBXFileReference; lastKnownFileType = image.png; path = dish2.png; sourceTree = "<group>"; };
		F4C99577256ABA5A002A3A6C /* banner.png */ = {isa = PBXFileReference; lastKnownFileType = image.png; path = banner.png; sourceTree = "<group>"; };
		F4C99578256ABA5A002A3A6C /* banner2.jpg */ = {isa = PBXFileReference; lastKnownFileType = image.jpeg; path = banner2.jpg; sourceTree = "<group>"; };
		F4C99579256ABA5A002A3A6C /* delivery.png */ = {isa = PBXFileReference; lastKnownFileType = image.png; path = delivery.png; sourceTree = "<group>"; };
		F4C9957A256ABA5A002A3A6C /* banner3.jpg */ = {isa = PBXFileReference; lastKnownFileType = image.jpeg; path = banner3.jpg; sourceTree = "<group>"; };
		F4C9957B256ABA5A002A3A6C /* visibility.png */ = {isa = PBXFileReference; lastKnownFileType = image.png; path = visibility.png; sourceTree = "<group>"; };
		F4C9957C256ABA5A002A3A6C /* logout.png */ = {isa = PBXFileReference; lastKnownFileType = image.png; path = logout.png; sourceTree = "<group>"; };
		F4C9957D256ABA5A002A3A6C /* term.png */ = {isa = PBXFileReference; lastKnownFileType = image.png; path = term.png; sourceTree = "<group>"; };
		F4C9957E256ABA5A002A3A6C /* home.png */ = {isa = PBXFileReference; lastKnownFileType = image.png; path = home.png; sourceTree = "<group>"; };
		F4C9957F256ABA5A002A3A6C /* banner4.png */ = {isa = PBXFileReference; lastKnownFileType = image.png; path = banner4.png; sourceTree = "<group>"; };
		F4C99580256ABA5A002A3A6C /* user.png */ = {isa = PBXFileReference; lastKnownFileType = image.png; path = user.png; sourceTree = "<group>"; };
		F4C99581256ABA5A002A3A6C /* menu.png */ = {isa = PBXFileReference; lastKnownFileType = image.png; path = menu.png; sourceTree = "<group>"; };
		F4C99582256ABA5A002A3A6C /* dishitem3.png */ = {isa = PBXFileReference; lastKnownFileType = image.png; path = dishitem3.png; sourceTree = "<group>"; };
		F4C99583256ABA5A002A3A6C /* password.png */ = {isa = PBXFileReference; lastKnownFileType = image.png; path = password.png; sourceTree = "<group>"; };
		F4C99584256ABA5A002A3A6C /* dishitem2.png */ = {isa = PBXFileReference; lastKnownFileType = image.png; path = dishitem2.png; sourceTree = "<group>"; };
		F4C99585256ABA5A002A3A6C /* logo.png */ = {isa = PBXFileReference; lastKnownFileType = image.png; path = logo.png; sourceTree = "<group>"; };
		F4C99586256ABA5A002A3A6C /* dishitem6.png */ = {isa = PBXFileReference; lastKnownFileType = image.png; path = dishitem6.png; sourceTree = "<group>"; };
		F4C99587256ABA5A002A3A6C /* dishitem7.png */ = {isa = PBXFileReference; lastKnownFileType = image.png; path = dishitem7.png; sourceTree = "<group>"; };
		F4C99588256ABA5A002A3A6C /* dishitem5.png */ = {isa = PBXFileReference; lastKnownFileType = image.png; path = dishitem5.png; sourceTree = "<group>"; };
		F4C99589256ABA5A002A3A6C /* profile.png */ = {isa = PBXFileReference; lastKnownFileType = image.png; path = profile.png; sourceTree = "<group>"; };
		F4C9958A256ABA5A002A3A6C /* dishitem4.png */ = {isa = PBXFileReference; lastKnownFileType = image.png; path = dishitem4.png; sourceTree = "<group>"; };
		F4C9958B256ABA5A002A3A6C /* rest1.png */ = {isa = PBXFileReference; lastKnownFileType = image.png; path = rest1.png; sourceTree = "<group>"; };
		F4C9958C256ABA5A002A3A6C /* dish.png */ = {isa = PBXFileReference; lastKnownFileType = image.png; path = dish.png; sourceTree = "<group>"; };
		F4C9958D256ABA5A002A3A6C /* rest2.png */ = {isa = PBXFileReference; lastKnownFileType = image.png; path = rest2.png; sourceTree = "<group>"; };
		F4C9958E256ABA5A002A3A6C /* veg.png */ = {isa = PBXFileReference; lastKnownFileType = image.png; path = veg.png; sourceTree = "<group>"; };
		F4C9958F256ABA5A002A3A6C /* dishitem.png */ = {isa = PBXFileReference; lastKnownFileType = image.png; path = dishitem.png; sourceTree = "<group>"; };
		F4C99590256ABA5A002A3A6C /* rest3.png */ = {isa = PBXFileReference; lastKnownFileType = image.png; path = rest3.png; sourceTree = "<group>"; };
		F4C99591256ABA5A002A3A6C /* back.png */ = {isa = PBXFileReference; lastKnownFileType = image.png; path = back.png; sourceTree = "<group>"; };
		F4C995BE256ABFB4002A3A6C /* CustomView.swift */ = {isa = PBXFileReference; lastKnownFileType = sourcecode.swift; path = CustomView.swift; sourceTree = "<group>"; };
		F4C995C6256AC330002A3A6C /* CustomButton.swift */ = {isa = PBXFileReference; lastKnownFileType = sourcecode.swift; path = CustomButton.swift; sourceTree = "<group>"; };
		F4C995DA256ACBFA002A3A6C /* UIStoryboard+ext.swift */ = {isa = PBXFileReference; lastKnownFileType = sourcecode.swift; path = "UIStoryboard+ext.swift"; sourceTree = "<group>"; };
		F4C995F4256AD2F4002A3A6C /* SideMenuViewController.swift */ = {isa = PBXFileReference; lastKnownFileType = sourcecode.swift; path = SideMenuViewController.swift; sourceTree = "<group>"; };
		F4C995FA256AD315002A3A6C /* SideMenuCell.swift */ = {isa = PBXFileReference; lastKnownFileType = sourcecode.swift; path = SideMenuCell.swift; sourceTree = "<group>"; };
		F4C99602256ADA20002A3A6C /* HomeViewController.swift */ = {isa = PBXFileReference; lastKnownFileType = sourcecode.swift; path = HomeViewController.swift; sourceTree = "<group>"; };
		F4C99607256AE289002A3A6C /* SideMenu.storyboard */ = {isa = PBXFileReference; lastKnownFileType = file.storyboard; path = SideMenu.storyboard; sourceTree = "<group>"; };
		F4C9960C256AE373002A3A6C /* TermsandConditionViewController.swift */ = {isa = PBXFileReference; lastKnownFileType = sourcecode.swift; path = TermsandConditionViewController.swift; sourceTree = "<group>"; };
		F4C9961E256B8D82002A3A6C /* Cart.storyboard */ = {isa = PBXFileReference; lastKnownFileType = file.storyboard; path = Cart.storyboard; sourceTree = "<group>"; };
		F4C99626256B8FCC002A3A6C /* CartListViewController.swift */ = {isa = PBXFileReference; lastKnownFileType = sourcecode.swift; path = CartListViewController.swift; sourceTree = "<group>"; };
		F4C9962B256B8FF2002A3A6C /* BaseController.swift */ = {isa = PBXFileReference; lastKnownFileType = sourcecode.swift; path = BaseController.swift; sourceTree = "<group>"; };
		F4EDFED6256BC3AB0056DCEB /* TopPickCollectionViewCell.swift */ = {isa = PBXFileReference; lastKnownFileType = sourcecode.swift; path = TopPickCollectionViewCell.swift; sourceTree = "<group>"; };
		F4EDFEDB256BD5530056DCEB /* RegisterViewController.swift */ = {isa = PBXFileReference; lastKnownFileType = sourcecode.swift; path = RegisterViewController.swift; sourceTree = "<group>"; };
		F4EDFEE1256BDDA90056DCEB /* LoginModelDTO.swift */ = {isa = PBXFileReference; lastKnownFileType = sourcecode.swift; path = LoginModelDTO.swift; sourceTree = "<group>"; };
/* End PBXFileReference section */

/* Begin PBXFrameworksBuildPhase section */
		F4C99527256AB9D7002A3A6C /* Frameworks */ = {
			isa = PBXFrameworksBuildPhase;
			buildActionMask = 2147483647;
			files = (
				D4B9C867965E6F1EF94FD7CB /* Pods_GrubChill.framework in Frameworks */,
			);
			runOnlyForDeploymentPostprocessing = 0;
		};
		F4C9953D256AB9D9002A3A6C /* Frameworks */ = {
			isa = PBXFrameworksBuildPhase;
			buildActionMask = 2147483647;
			files = (
				451AEA04F9FF5D71DD13EFEE /* Pods_GrubChillTests.framework in Frameworks */,
			);
			runOnlyForDeploymentPostprocessing = 0;
		};
		F4C99548256AB9D9002A3A6C /* Frameworks */ = {
			isa = PBXFrameworksBuildPhase;
			buildActionMask = 2147483647;
			files = (
				3865154FA3E8B8435D91A06B /* Pods_GrubChill_GrubChillUITests.framework in Frameworks */,
			);
			runOnlyForDeploymentPostprocessing = 0;
		};
/* End PBXFrameworksBuildPhase section */

/* Begin PBXGroup section */
		0486EC7825AA277D00339D0B /* ViewModel */ = {
			isa = PBXGroup;
			children = (
				0486EC7C25AA279D00339D0B /* CartViewModel.swift */,
			);
			path = ViewModel;
			sourceTree = "<group>";
		};
		847CC6E02579693F006588EB /* MyOrders */ = {
			isa = PBXGroup;
			children = (
				84A5A712257BECC800A5CF86 /* OrderListTableViewCell.swift */,
				847CC6E4257970EC006588EB /* MyOrderTableViewCell.swift */,
				847CC6D6257968F0006588EB /* MyOrders.storyboard */,
				847CC6DB2579692D006588EB /* MyOrdersViewController.swift */,
				84A5A70D257BEB7000A5CF86 /* OrderListPopupViewController.swift */,
			);
			path = MyOrders;
			sourceTree = "<group>";
		};
		B7560EF7B405C5EC013C3A26 /* Frameworks */ = {
			isa = PBXGroup;
			children = (
				0D261FF5DD0C4F8C8A0FA34D /* Pods_GrubChill.framework */,
				C7E7CE2C39704264C7400886 /* Pods_GrubChill_GrubChillUITests.framework */,
				11AF05F2AA3EEB2012FA0B17 /* Pods_GrubChillTests.framework */,
			);
			name = Frameworks;
			sourceTree = "<group>";
		};
		EF0FE3B6B739CDCDEE34369E /* Pods */ = {
			isa = PBXGroup;
			children = (
				5220C701F4F08C5626047B66 /* Pods-GrubChill.debug.xcconfig */,
				998133DE1912EA25714E5EAC /* Pods-GrubChill.release.xcconfig */,
				ED5D238FCE7A1CFE0011305F /* Pods-GrubChill-GrubChillUITests.debug.xcconfig */,
				50EA8FE4CFA37813F8EDB758 /* Pods-GrubChill-GrubChillUITests.release.xcconfig */,
				A6B9EB265F52F756A5742B4C /* Pods-GrubChillTests.debug.xcconfig */,
				B6DF07CBFA6F22133C51CB22 /* Pods-GrubChillTests.release.xcconfig */,
			);
			path = Pods;
			sourceTree = "<group>";
		};
		F4436BAD2572A041006A01F8 /* XIB */ = {
			isa = PBXGroup;
			children = (
				F4436BE02572A9FA006A01F8 /* RestrauntDetailHeaderCell.swift */,
				F4436BE12572A9FA006A01F8 /* RestrauntDetailHeaderCell.xib */,
			);
			path = XIB;
			sourceTree = "<group>";
		};
		F4743D68256C3FA100BB9E57 /* Profile */ = {
			isa = PBXGroup;
			children = (
				F4743D63256C3F2000BB9E57 /* MyProfileViewController.swift */,
				F4743D69256C3FB700BB9E57 /* Profile.storyboard */,
			);
			path = Profile;
			sourceTree = "<group>";
		};
		F49D6F59256E63FE003CAA66 /* DashboardDTO */ = {
			isa = PBXGroup;
			children = (
				F49D6F5A256E6417003CAA66 /* RestrauntsDTO.swift */,
				F49D6FED25701D68003CAA66 /* RestrauntMenuDTO.swift */,
				847CC6A125742474006588EB /* CartDTO.swift */,
				84A5A708257BBB8500A5CF86 /* MyOrderDTO.swift */,
				F4A35C57258F6BA8006866A5 /* CartResponseDTO.swift */,
				0486EC4B25A76F0900339D0B /* CheckoutDTO.swift */,
			);
			path = DashboardDTO;
			sourceTree = "<group>";
		};
		F49D6F65256E668B003CAA66 /* Ext */ = {
			isa = PBXGroup;
			children = (
				F4C995DA256ACBFA002A3A6C /* UIStoryboard+ext.swift */,
				F49D6F66256E66A0003CAA66 /* UIImageView+ext.swift */,
			);
			path = Ext;
			sourceTree = "<group>";
		};
		F49D6FCC25700F7E003CAA66 /* Cell */ = {
			isa = PBXGroup;
			children = (
				F49D6FCD25700FA0003CAA66 /* DashboardTableViewCell.swift */,
				F4EDFED6256BC3AB0056DCEB /* TopPickCollectionViewCell.swift */,
				F49D6FE825701CD3003CAA66 /* RestrauntMenusTableViewCell.swift */,
				847CC6C5257952E2006588EB /* OptionMenuTableViewCell.swift */,
			);
			path = Cell;
			sourceTree = "<group>";
		};
		F4C263662573DE5900EEC41B /* Cell */ = {
			isa = PBXGroup;
			children = (
				F4C263672573DE6E00EEC41B /* CartTableViewCell.swift */,
			);
			path = Cell;
			sourceTree = "<group>";
		};
		F4C99521256AB9D7002A3A6C = {
			isa = PBXGroup;
			children = (
				F4C9952C256AB9D7002A3A6C /* GrubChill */,
				F4C99543256AB9D9002A3A6C /* GrubChillTests */,
				F4C9954E256AB9D9002A3A6C /* GrubChillUITests */,
				F4C9952B256AB9D7002A3A6C /* Products */,
				EF0FE3B6B739CDCDEE34369E /* Pods */,
				B7560EF7B405C5EC013C3A26 /* Frameworks */,
			);
			sourceTree = "<group>";
		};
		F4C9952B256AB9D7002A3A6C /* Products */ = {
			isa = PBXGroup;
			children = (
				F4C9952A256AB9D7002A3A6C /* GrubChill.app */,
				F4C99540256AB9D9002A3A6C /* GrubChillTests.xctest */,
				F4C9954B256AB9D9002A3A6C /* GrubChillUITests.xctest */,
			);
			name = Products;
			sourceTree = "<group>";
		};
		F4C9952C256AB9D7002A3A6C /* GrubChill */ = {
			isa = PBXGroup;
			children = (
				F4EDFEE0256BDD980056DCEB /* ModelDTO */,
				F4C995D9256ACBE7002A3A6C /* Common */,
				F4C995BD256ABFA1002A3A6C /* UI */,
				F4C9956A256ABA5A002A3A6C /* images */,
				F4C995BC256ABF91002A3A6C /* CustomClass */,
				F4C9952D256AB9D7002A3A6C /* AppDelegate.swift */,
				F4C9952F256AB9D7002A3A6C /* SceneDelegate.swift */,
				F4C99536256AB9D9002A3A6C /* Assets.xcassets */,
				F4C99538256AB9D9002A3A6C /* LaunchScreen.storyboard */,
				F4C9953B256AB9D9002A3A6C /* Info.plist */,
			);
			path = GrubChill;
			sourceTree = "<group>";
		};
		F4C99543256AB9D9002A3A6C /* GrubChillTests */ = {
			isa = PBXGroup;
			children = (
				F4C99544256AB9D9002A3A6C /* GrubChillTests.swift */,
				F4C99546256AB9D9002A3A6C /* Info.plist */,
			);
			path = GrubChillTests;
			sourceTree = "<group>";
		};
		F4C9954E256AB9D9002A3A6C /* GrubChillUITests */ = {
			isa = PBXGroup;
			children = (
				F4C9954F256AB9D9002A3A6C /* GrubChillUITests.swift */,
				F4C99551256AB9D9002A3A6C /* Info.plist */,
			);
			path = GrubChillUITests;
			sourceTree = "<group>";
		};
		F4C99560256ABA18002A3A6C /* Login */ = {
			isa = PBXGroup;
			children = (
				F4C99531256AB9D7002A3A6C /* LoginViewController.swift */,
				F4C99533256AB9D7002A3A6C /* Main.storyboard */,
				F4EDFEDB256BD5530056DCEB /* RegisterViewController.swift */,
			);
			path = Login;
			sourceTree = "<group>";
		};
		F4C9956A256ABA5A002A3A6C /* images */ = {
			isa = PBXGroup;
			children = (
				847CC6E92579739F006588EB /* calendar.png */,
				847CC6CA25795B03006588EB /* checkbox.png */,
				847CC6CB25795B03006588EB /* uncheck.png */,
				F4C9956B256ABA5A002A3A6C /* check.png */,
				F4C9956C256ABA5A002A3A6C /* support.png */,
				F4C9956D256ABA5A002A3A6C /* mexica.png */,
				F4C9956E256ABA5A002A3A6C /* aboutus.png */,
				F4C9956F256ABA5A002A3A6C /* banner5.jpeg */,
				F4C99570256ABA5A002A3A6C /* cart.png */,
				F4C99571256ABA5A002A3A6C /* french.png */,
				F4C99572256ABA5A002A3A6C /* noodle.png */,
				F4C99573256ABA5A002A3A6C /* check-2.png */,
				F4C99574256ABA5A002A3A6C /* discount.png */,
				F4C99575256ABA5A002A3A6C /* order.png */,
				F4C99576256ABA5A002A3A6C /* dish2.png */,
				F4C99577256ABA5A002A3A6C /* banner.png */,
				F4C99578256ABA5A002A3A6C /* banner2.jpg */,
				F4C99579256ABA5A002A3A6C /* delivery.png */,
				F4C9957A256ABA5A002A3A6C /* banner3.jpg */,
				F4C9957B256ABA5A002A3A6C /* visibility.png */,
				F4C9957C256ABA5A002A3A6C /* logout.png */,
				F4C9957D256ABA5A002A3A6C /* term.png */,
				F4C9957E256ABA5A002A3A6C /* home.png */,
				F4C9957F256ABA5A002A3A6C /* banner4.png */,
				F4C99580256ABA5A002A3A6C /* user.png */,
				F4C99581256ABA5A002A3A6C /* menu.png */,
				F4C99582256ABA5A002A3A6C /* dishitem3.png */,
				F4C99583256ABA5A002A3A6C /* password.png */,
				F4C99584256ABA5A002A3A6C /* dishitem2.png */,
				F4C99585256ABA5A002A3A6C /* logo.png */,
				F4C99586256ABA5A002A3A6C /* dishitem6.png */,
				F4C99587256ABA5A002A3A6C /* dishitem7.png */,
				F4C99588256ABA5A002A3A6C /* dishitem5.png */,
				F4C99589256ABA5A002A3A6C /* profile.png */,
				F4C9958A256ABA5A002A3A6C /* dishitem4.png */,
				F4C9958B256ABA5A002A3A6C /* rest1.png */,
				F4C9958C256ABA5A002A3A6C /* dish.png */,
				F4C9958D256ABA5A002A3A6C /* rest2.png */,
				F4C9958E256ABA5A002A3A6C /* veg.png */,
				F4C9958F256ABA5A002A3A6C /* dishitem.png */,
				F4C99590256ABA5A002A3A6C /* rest3.png */,
				F4C99591256ABA5A002A3A6C /* back.png */,
			);
			path = images;
			sourceTree = "<group>";
		};
		F4C995BC256ABF91002A3A6C /* CustomClass */ = {
			isa = PBXGroup;
			children = (
				F4C995BE256ABFB4002A3A6C /* CustomView.swift */,
				F4C995C6256AC330002A3A6C /* CustomButton.swift */,
				84B58EE02572E12F00CAE9B2 /* IntrinsicTableView.swift */,
			);
			path = CustomClass;
			sourceTree = "<group>";
		};
		F4C995BD256ABFA1002A3A6C /* UI */ = {
			isa = PBXGroup;
			children = (
				F4743D68256C3FA100BB9E57 /* Profile */,
				F4C9961D256B8D6D002A3A6C /* Cart */,
				F4C995EA256AD29A002A3A6C /* SideMenu */,
				F4C995CE256ACB89002A3A6C /* Dashboard */,
				F4C99560256ABA18002A3A6C /* Login */,
				847CC6E02579693F006588EB /* MyOrders */,
			);
			path = UI;
			sourceTree = "<group>";
		};
		F4C995CE256ACB89002A3A6C /* Dashboard */ = {
			isa = PBXGroup;
			children = (
				F4436BAD2572A041006A01F8 /* XIB */,
				F49D6FCC25700F7E003CAA66 /* Cell */,
				F4C99602256ADA20002A3A6C /* HomeViewController.swift */,
				847CC6C02579527D006588EB /* OptionMenuViewController.swift */,
				F49D6FDB25701611003CAA66 /* Dashboard.storyboard */,
				847CC6D125795FFA006588EB /* DeliveryTypeViewController.swift */,
				F49D6FE325701744003CAA66 /* RestrauntMenuViewController.swift */,
			);
			path = Dashboard;
			sourceTree = "<group>";
		};
		F4C995D9256ACBE7002A3A6C /* Common */ = {
			isa = PBXGroup;
			children = (
				F49D6F65256E668B003CAA66 /* Ext */,
				F4C9962B256B8FF2002A3A6C /* BaseController.swift */,
				847CC69A25740CF6006588EB /* DatabaseHandler.swift */,
				847CC69B25740CF6006588EB /* DBHandler.swift */,
				F4743D44256C0FA900BB9E57 /* Constant.swift */,
				F4743D59256C349F00BB9E57 /* LoginPreference.swift */,
			);
			path = Common;
			sourceTree = "<group>";
		};
		F4C995EA256AD29A002A3A6C /* SideMenu */ = {
			isa = PBXGroup;
			children = (
				F4C995F9256AD2FB002A3A6C /* Cells */,
				F4C995F4256AD2F4002A3A6C /* SideMenuViewController.swift */,
				F4C99607256AE289002A3A6C /* SideMenu.storyboard */,
				F4C9960C256AE373002A3A6C /* TermsandConditionViewController.swift */,
				F4743D5E256C3F1200BB9E57 /* SupportViewController.swift */,
			);
			path = SideMenu;
			sourceTree = "<group>";
		};
		F4C995F9256AD2FB002A3A6C /* Cells */ = {
			isa = PBXGroup;
			children = (
				F4C995FA256AD315002A3A6C /* SideMenuCell.swift */,
			);
			path = Cells;
			sourceTree = "<group>";
		};
		F4C9961D256B8D6D002A3A6C /* Cart */ = {
			isa = PBXGroup;
			children = (
				0486EC7825AA277D00339D0B /* ViewModel */,
				F4C263662573DE5900EEC41B /* Cell */,
				F4C9961E256B8D82002A3A6C /* Cart.storyboard */,
				84B58EEB2573A37400CAE9B2 /* AddressCollectionViewCell.swift */,
				0486EC6425AA258400339D0B /* CartListVc.swift */,
				F4C99626256B8FCC002A3A6C /* CartListViewController.swift */,
				84B58ED82572C0E000CAE9B2 /* MenuItemsTableViewCell.swift */,
			);
			path = Cart;
			sourceTree = "<group>";
		};
		F4EDFEE0256BDD980056DCEB /* ModelDTO */ = {
			isa = PBXGroup;
			children = (
				F49D6F59256E63FE003CAA66 /* DashboardDTO */,
				F4EDFEE9256BF2210056DCEB /* RegisterModel */,
			);
			path = ModelDTO;
			sourceTree = "<group>";
		};
		F4EDFEE9256BF2210056DCEB /* RegisterModel */ = {
			isa = PBXGroup;
			children = (
				F4EDFEE1256BDDA90056DCEB /* LoginModelDTO.swift */,
			);
			path = RegisterModel;
			sourceTree = "<group>";
		};
/* End PBXGroup section */

/* Begin PBXNativeTarget section */
		F4C99529256AB9D7002A3A6C /* GrubChill */ = {
			isa = PBXNativeTarget;
			buildConfigurationList = F4C99554256AB9D9002A3A6C /* Build configuration list for PBXNativeTarget "GrubChill" */;
			buildPhases = (
				82B5ADC2BE29FDE7F995472E /* [CP] Check Pods Manifest.lock */,
				F4C99526256AB9D7002A3A6C /* Sources */,
				F4C99527256AB9D7002A3A6C /* Frameworks */,
				F4C99528256AB9D7002A3A6C /* Resources */,
				9015FC1ABA6D9CAC8AE7752B /* [CP] Embed Pods Frameworks */,
			);
			buildRules = (
			);
			dependencies = (
			);
			name = GrubChill;
			productName = GrubChill;
			productReference = F4C9952A256AB9D7002A3A6C /* GrubChill.app */;
			productType = "com.apple.product-type.application";
		};
		F4C9953F256AB9D9002A3A6C /* GrubChillTests */ = {
			isa = PBXNativeTarget;
			buildConfigurationList = F4C99557256AB9D9002A3A6C /* Build configuration list for PBXNativeTarget "GrubChillTests" */;
			buildPhases = (
				122922F74E77A1EF73FF7D45 /* [CP] Check Pods Manifest.lock */,
				F4C9953C256AB9D9002A3A6C /* Sources */,
				F4C9953D256AB9D9002A3A6C /* Frameworks */,
				F4C9953E256AB9D9002A3A6C /* Resources */,
			);
			buildRules = (
			);
			dependencies = (
				F4C99542256AB9D9002A3A6C /* PBXTargetDependency */,
			);
			name = GrubChillTests;
			productName = GrubChillTests;
			productReference = F4C99540256AB9D9002A3A6C /* GrubChillTests.xctest */;
			productType = "com.apple.product-type.bundle.unit-test";
		};
		F4C9954A256AB9D9002A3A6C /* GrubChillUITests */ = {
			isa = PBXNativeTarget;
			buildConfigurationList = F4C9955A256AB9D9002A3A6C /* Build configuration list for PBXNativeTarget "GrubChillUITests" */;
			buildPhases = (
				0619482C5DDF3E883BA81A5E /* [CP] Check Pods Manifest.lock */,
				F4C99547256AB9D9002A3A6C /* Sources */,
				F4C99548256AB9D9002A3A6C /* Frameworks */,
				F4C99549256AB9D9002A3A6C /* Resources */,
				CAC7424DB64A51218578A148 /* [CP] Embed Pods Frameworks */,
			);
			buildRules = (
			);
			dependencies = (
				F4C9954D256AB9D9002A3A6C /* PBXTargetDependency */,
			);
			name = GrubChillUITests;
			productName = GrubChillUITests;
			productReference = F4C9954B256AB9D9002A3A6C /* GrubChillUITests.xctest */;
			productType = "com.apple.product-type.bundle.ui-testing";
		};
/* End PBXNativeTarget section */

/* Begin PBXProject section */
		F4C99522256AB9D7002A3A6C /* Project object */ = {
			isa = PBXProject;
			attributes = {
				LastSwiftUpdateCheck = 1210;
				LastUpgradeCheck = 1210;
				TargetAttributes = {
					F4C99529256AB9D7002A3A6C = {
						CreatedOnToolsVersion = 12.1;
					};
					F4C9953F256AB9D9002A3A6C = {
						CreatedOnToolsVersion = 12.1;
						TestTargetID = F4C99529256AB9D7002A3A6C;
					};
					F4C9954A256AB9D9002A3A6C = {
						CreatedOnToolsVersion = 12.1;
						TestTargetID = F4C99529256AB9D7002A3A6C;
					};
				};
			};
			buildConfigurationList = F4C99525256AB9D7002A3A6C /* Build configuration list for PBXProject "GrubChill" */;
			compatibilityVersion = "Xcode 9.3";
			developmentRegion = en;
			hasScannedForEncodings = 0;
			knownRegions = (
				en,
				Base,
			);
			mainGroup = F4C99521256AB9D7002A3A6C;
			productRefGroup = F4C9952B256AB9D7002A3A6C /* Products */;
			projectDirPath = "";
			projectRoot = "";
			targets = (
				F4C99529256AB9D7002A3A6C /* GrubChill */,
				F4C9953F256AB9D9002A3A6C /* GrubChillTests */,
				F4C9954A256AB9D9002A3A6C /* GrubChillUITests */,
			);
		};
/* End PBXProject section */

/* Begin PBXResourcesBuildPhase section */
		F4C99528256AB9D7002A3A6C /* Resources */ = {
			isa = PBXResourcesBuildPhase;
			buildActionMask = 2147483647;
			files = (
				F4436BE32572A9FA006A01F8 /* RestrauntDetailHeaderCell.xib in Resources */,
				F4C9953A256AB9D9002A3A6C /* LaunchScreen.storyboard in Resources */,
				F4C99593256ABA5A002A3A6C /* support.png in Resources */,
				F4C99599256ABA5A002A3A6C /* noodle.png in Resources */,
				F4C9959E256ABA5A002A3A6C /* banner.png in Resources */,
				847CC6D7257968F0006588EB /* MyOrders.storyboard in Resources */,
				F4C995A9256ABA5A002A3A6C /* dishitem3.png in Resources */,
				F4C9959A256ABA5A002A3A6C /* check-2.png in Resources */,
				F4C995A2256ABA5A002A3A6C /* visibility.png in Resources */,
				F4C99597256ABA5A002A3A6C /* cart.png in Resources */,
				F4C99594256ABA5A002A3A6C /* mexica.png in Resources */,
				F4C995A1256ABA5A002A3A6C /* banner3.jpg in Resources */,
				F4C9959C256ABA5A002A3A6C /* order.png in Resources */,
				F4C99608256AE289002A3A6C /* SideMenu.storyboard in Resources */,
				F4C9959D256ABA5A002A3A6C /* dish2.png in Resources */,
				F4C995B1256ABA5A002A3A6C /* dishitem4.png in Resources */,
				F4C995A7256ABA5A002A3A6C /* user.png in Resources */,
				F4C995B7256ABA5A002A3A6C /* rest3.png in Resources */,
				F4C995B6256ABA5A002A3A6C /* dishitem.png in Resources */,
				F4C995A3256ABA5A002A3A6C /* logout.png in Resources */,
				F4C995AE256ABA5A002A3A6C /* dishitem7.png in Resources */,
				F4C995AA256ABA5A002A3A6C /* password.png in Resources */,
				F4C995A0256ABA5A002A3A6C /* delivery.png in Resources */,
				F49D6FDC25701611003CAA66 /* Dashboard.storyboard in Resources */,
				F4C995B3256ABA5A002A3A6C /* dish.png in Resources */,
				F4C9959F256ABA5A002A3A6C /* banner2.jpg in Resources */,
				F4C995B2256ABA5A002A3A6C /* rest1.png in Resources */,
				F4C99596256ABA5A002A3A6C /* banner5.jpeg in Resources */,
				F4C995A8256ABA5A002A3A6C /* menu.png in Resources */,
				F4C99598256ABA5A002A3A6C /* french.png in Resources */,
				F4C9961F256B8D83002A3A6C /* Cart.storyboard in Resources */,
				847CC6CD25795B03006588EB /* uncheck.png in Resources */,
				F4C995A6256ABA5A002A3A6C /* banner4.png in Resources */,
				F4743D6A256C3FB700BB9E57 /* Profile.storyboard in Resources */,
				F4C995AF256ABA5A002A3A6C /* dishitem5.png in Resources */,
				F4C995B4256ABA5A002A3A6C /* rest2.png in Resources */,
				F4C99537256AB9D9002A3A6C /* Assets.xcassets in Resources */,
				F4C9959B256ABA5A002A3A6C /* discount.png in Resources */,
				F4C995AB256ABA5A002A3A6C /* dishitem2.png in Resources */,
				F4C995B8256ABA5A002A3A6C /* back.png in Resources */,
				847CC6EA257973A0006588EB /* calendar.png in Resources */,
				847CC6CC25795B03006588EB /* checkbox.png in Resources */,
				F4C995B5256ABA5A002A3A6C /* veg.png in Resources */,
				F4C99595256ABA5A002A3A6C /* aboutus.png in Resources */,
				F4C995B0256ABA5A002A3A6C /* profile.png in Resources */,
				F4C995A5256ABA5A002A3A6C /* home.png in Resources */,
				F4C995AC256ABA5A002A3A6C /* logo.png in Resources */,
				F4C995AD256ABA5A002A3A6C /* dishitem6.png in Resources */,
				F4C99592256ABA5A002A3A6C /* check.png in Resources */,
				F4C99535256AB9D7002A3A6C /* Main.storyboard in Resources */,
				F4C995A4256ABA5A002A3A6C /* term.png in Resources */,
			);
			runOnlyForDeploymentPostprocessing = 0;
		};
		F4C9953E256AB9D9002A3A6C /* Resources */ = {
			isa = PBXResourcesBuildPhase;
			buildActionMask = 2147483647;
			files = (
			);
			runOnlyForDeploymentPostprocessing = 0;
		};
		F4C99549256AB9D9002A3A6C /* Resources */ = {
			isa = PBXResourcesBuildPhase;
			buildActionMask = 2147483647;
			files = (
			);
			runOnlyForDeploymentPostprocessing = 0;
		};
/* End PBXResourcesBuildPhase section */

/* Begin PBXShellScriptBuildPhase section */
		0619482C5DDF3E883BA81A5E /* [CP] Check Pods Manifest.lock */ = {
			isa = PBXShellScriptBuildPhase;
			buildActionMask = 2147483647;
			files = (
			);
			inputFileListPaths = (
			);
			inputPaths = (
				"${PODS_PODFILE_DIR_PATH}/Podfile.lock",
				"${PODS_ROOT}/Manifest.lock",
			);
			name = "[CP] Check Pods Manifest.lock";
			outputFileListPaths = (
			);
			outputPaths = (
				"$(DERIVED_FILE_DIR)/Pods-GrubChill-GrubChillUITests-checkManifestLockResult.txt",
			);
			runOnlyForDeploymentPostprocessing = 0;
			shellPath = /bin/sh;
			shellScript = "diff \"${PODS_PODFILE_DIR_PATH}/Podfile.lock\" \"${PODS_ROOT}/Manifest.lock\" > /dev/null\nif [ $? != 0 ] ; then\n    # print error to STDERR\n    echo \"error: The sandbox is not in sync with the Podfile.lock. Run 'pod install' or update your CocoaPods installation.\" >&2\n    exit 1\nfi\n# This output is used by Xcode 'outputs' to avoid re-running this script phase.\necho \"SUCCESS\" > \"${SCRIPT_OUTPUT_FILE_0}\"\n";
			showEnvVarsInLog = 0;
		};
		122922F74E77A1EF73FF7D45 /* [CP] Check Pods Manifest.lock */ = {
			isa = PBXShellScriptBuildPhase;
			buildActionMask = 2147483647;
			files = (
			);
			inputFileListPaths = (
			);
			inputPaths = (
				"${PODS_PODFILE_DIR_PATH}/Podfile.lock",
				"${PODS_ROOT}/Manifest.lock",
			);
			name = "[CP] Check Pods Manifest.lock";
			outputFileListPaths = (
			);
			outputPaths = (
				"$(DERIVED_FILE_DIR)/Pods-GrubChillTests-checkManifestLockResult.txt",
			);
			runOnlyForDeploymentPostprocessing = 0;
			shellPath = /bin/sh;
			shellScript = "diff \"${PODS_PODFILE_DIR_PATH}/Podfile.lock\" \"${PODS_ROOT}/Manifest.lock\" > /dev/null\nif [ $? != 0 ] ; then\n    # print error to STDERR\n    echo \"error: The sandbox is not in sync with the Podfile.lock. Run 'pod install' or update your CocoaPods installation.\" >&2\n    exit 1\nfi\n# This output is used by Xcode 'outputs' to avoid re-running this script phase.\necho \"SUCCESS\" > \"${SCRIPT_OUTPUT_FILE_0}\"\n";
			showEnvVarsInLog = 0;
		};
		82B5ADC2BE29FDE7F995472E /* [CP] Check Pods Manifest.lock */ = {
			isa = PBXShellScriptBuildPhase;
			buildActionMask = 2147483647;
			files = (
			);
			inputFileListPaths = (
			);
			inputPaths = (
				"${PODS_PODFILE_DIR_PATH}/Podfile.lock",
				"${PODS_ROOT}/Manifest.lock",
			);
			name = "[CP] Check Pods Manifest.lock";
			outputFileListPaths = (
			);
			outputPaths = (
				"$(DERIVED_FILE_DIR)/Pods-GrubChill-checkManifestLockResult.txt",
			);
			runOnlyForDeploymentPostprocessing = 0;
			shellPath = /bin/sh;
			shellScript = "diff \"${PODS_PODFILE_DIR_PATH}/Podfile.lock\" \"${PODS_ROOT}/Manifest.lock\" > /dev/null\nif [ $? != 0 ] ; then\n    # print error to STDERR\n    echo \"error: The sandbox is not in sync with the Podfile.lock. Run 'pod install' or update your CocoaPods installation.\" >&2\n    exit 1\nfi\n# This output is used by Xcode 'outputs' to avoid re-running this script phase.\necho \"SUCCESS\" > \"${SCRIPT_OUTPUT_FILE_0}\"\n";
			showEnvVarsInLog = 0;
		};
		9015FC1ABA6D9CAC8AE7752B /* [CP] Embed Pods Frameworks */ = {
			isa = PBXShellScriptBuildPhase;
			buildActionMask = 2147483647;
			files = (
			);
			inputFileListPaths = (
				"${PODS_ROOT}/Target Support Files/Pods-GrubChill/Pods-GrubChill-frameworks-${CONFIGURATION}-input-files.xcfilelist",
			);
			name = "[CP] Embed Pods Frameworks";
			outputFileListPaths = (
				"${PODS_ROOT}/Target Support Files/Pods-GrubChill/Pods-GrubChill-frameworks-${CONFIGURATION}-output-files.xcfilelist",
			);
			runOnlyForDeploymentPostprocessing = 0;
			shellPath = /bin/sh;
			shellScript = "\"${PODS_ROOT}/Target Support Files/Pods-GrubChill/Pods-GrubChill-frameworks.sh\"\n";
			showEnvVarsInLog = 0;
		};
		CAC7424DB64A51218578A148 /* [CP] Embed Pods Frameworks */ = {
			isa = PBXShellScriptBuildPhase;
			buildActionMask = 2147483647;
			files = (
			);
			inputFileListPaths = (
				"${PODS_ROOT}/Target Support Files/Pods-GrubChill-GrubChillUITests/Pods-GrubChill-GrubChillUITests-frameworks-${CONFIGURATION}-input-files.xcfilelist",
			);
			name = "[CP] Embed Pods Frameworks";
			outputFileListPaths = (
				"${PODS_ROOT}/Target Support Files/Pods-GrubChill-GrubChillUITests/Pods-GrubChill-GrubChillUITests-frameworks-${CONFIGURATION}-output-files.xcfilelist",
			);
			runOnlyForDeploymentPostprocessing = 0;
			shellPath = /bin/sh;
			shellScript = "\"${PODS_ROOT}/Target Support Files/Pods-GrubChill-GrubChillUITests/Pods-GrubChill-GrubChillUITests-frameworks.sh\"\n";
			showEnvVarsInLog = 0;
		};
/* End PBXShellScriptBuildPhase section */

/* Begin PBXSourcesBuildPhase section */
		F4C99526256AB9D7002A3A6C /* Sources */ = {
			isa = PBXSourcesBuildPhase;
			buildActionMask = 2147483647;
			files = (
				F4EDFED7256BC3AB0056DCEB /* TopPickCollectionViewCell.swift in Sources */,
				84B58EEC2573A37400CAE9B2 /* AddressCollectionViewCell.swift in Sources */,
				F49D6FCE25700FA0003CAA66 /* DashboardTableViewCell.swift in Sources */,
				0486EC4C25A76F0900339D0B /* CheckoutDTO.swift in Sources */,
				F4C99627256B8FCC002A3A6C /* CartListViewController.swift in Sources */,
				847CC69D25740CF6006588EB /* DBHandler.swift in Sources */,
				0486EC7D25AA279D00339D0B /* CartViewModel.swift in Sources */,
				84B58EE12572E12F00CAE9B2 /* IntrinsicTableView.swift in Sources */,
				F4C995F5256AD2F4002A3A6C /* SideMenuViewController.swift in Sources */,
				F4EDFEE2256BDDA90056DCEB /* LoginModelDTO.swift in Sources */,
				F49D6F67256E66A0003CAA66 /* UIImageView+ext.swift in Sources */,
				F4C99532256AB9D7002A3A6C /* LoginViewController.swift in Sources */,
				F4C9962C256B8FF2002A3A6C /* BaseController.swift in Sources */,
				F4743D45256C0FA900BB9E57 /* Constant.swift in Sources */,
				84B58EDA2572C0E000CAE9B2 /* MenuItemsTableViewCell.swift in Sources */,
				F49D6FE425701744003CAA66 /* RestrauntMenuViewController.swift in Sources */,
				84A5A713257BECC800A5CF86 /* OrderListTableViewCell.swift in Sources */,
				F49D6F5B256E6417003CAA66 /* RestrauntsDTO.swift in Sources */,
				847CC6C6257952E2006588EB /* OptionMenuTableViewCell.swift in Sources */,
				F4743D64256C3F2000BB9E57 /* MyProfileViewController.swift in Sources */,
				847CC69C25740CF6006588EB /* DatabaseHandler.swift in Sources */,
				F4C995BF256ABFB4002A3A6C /* CustomView.swift in Sources */,
				F4A35C58258F6BA8006866A5 /* CartResponseDTO.swift in Sources */,
				F49D6FEE25701D68003CAA66 /* RestrauntMenuDTO.swift in Sources */,
				F4C9952E256AB9D7002A3A6C /* AppDelegate.swift in Sources */,
				F4C9960D256AE373002A3A6C /* TermsandConditionViewController.swift in Sources */,
				F4C99603256ADA20002A3A6C /* HomeViewController.swift in Sources */,
				F4EDFEDC256BD5530056DCEB /* RegisterViewController.swift in Sources */,
				847CC6D225795FFA006588EB /* DeliveryTypeViewController.swift in Sources */,
				F4C995FB256AD315002A3A6C /* SideMenuCell.swift in Sources */,
				F4C99530256AB9D7002A3A6C /* SceneDelegate.swift in Sources */,
				847CC6A225742474006588EB /* CartDTO.swift in Sources */,
				847CC6DC2579692D006588EB /* MyOrdersViewController.swift in Sources */,
				847CC6C12579527D006588EB /* OptionMenuViewController.swift in Sources */,
				F4743D5A256C349F00BB9E57 /* LoginPreference.swift in Sources */,
				F4C995DB256ACBFA002A3A6C /* UIStoryboard+ext.swift in Sources */,
				84A5A70E257BEB7000A5CF86 /* OrderListPopupViewController.swift in Sources */,
				F49D6FE925701CD3003CAA66 /* RestrauntMenusTableViewCell.swift in Sources */,
				F4743D5F256C3F1200BB9E57 /* SupportViewController.swift in Sources */,
				0486EC6525AA258400339D0B /* CartListVc.swift in Sources */,
				F4C263682573DE6E00EEC41B /* CartTableViewCell.swift in Sources */,
				F4436BE22572A9FA006A01F8 /* RestrauntDetailHeaderCell.swift in Sources */,
				847CC6E5257970EC006588EB /* MyOrderTableViewCell.swift in Sources */,
				84A5A709257BBB8500A5CF86 /* MyOrderDTO.swift in Sources */,
				F4C995C7256AC330002A3A6C /* CustomButton.swift in Sources */,
			);
			runOnlyForDeploymentPostprocessing = 0;
		};
		F4C9953C256AB9D9002A3A6C /* Sources */ = {
			isa = PBXSourcesBuildPhase;
			buildActionMask = 2147483647;
			files = (
				F4C99545256AB9D9002A3A6C /* GrubChillTests.swift in Sources */,
			);
			runOnlyForDeploymentPostprocessing = 0;
		};
		F4C99547256AB9D9002A3A6C /* Sources */ = {
			isa = PBXSourcesBuildPhase;
			buildActionMask = 2147483647;
			files = (
				F4C99550256AB9D9002A3A6C /* GrubChillUITests.swift in Sources */,
			);
			runOnlyForDeploymentPostprocessing = 0;
		};
/* End PBXSourcesBuildPhase section */

/* Begin PBXTargetDependency section */
		F4C99542256AB9D9002A3A6C /* PBXTargetDependency */ = {
			isa = PBXTargetDependency;
			target = F4C99529256AB9D7002A3A6C /* GrubChill */;
			targetProxy = F4C99541256AB9D9002A3A6C /* PBXContainerItemProxy */;
		};
		F4C9954D256AB9D9002A3A6C /* PBXTargetDependency */ = {
			isa = PBXTargetDependency;
			target = F4C99529256AB9D7002A3A6C /* GrubChill */;
			targetProxy = F4C9954C256AB9D9002A3A6C /* PBXContainerItemProxy */;
		};
/* End PBXTargetDependency section */

/* Begin PBXVariantGroup section */
		F4C99533256AB9D7002A3A6C /* Main.storyboard */ = {
			isa = PBXVariantGroup;
			children = (
				F4C99534256AB9D7002A3A6C /* Base */,
			);
			name = Main.storyboard;
			sourceTree = "<group>";
		};
		F4C99538256AB9D9002A3A6C /* LaunchScreen.storyboard */ = {
			isa = PBXVariantGroup;
			children = (
				F4C99539256AB9D9002A3A6C /* Base */,
			);
			name = LaunchScreen.storyboard;
			sourceTree = "<group>";
		};
/* End PBXVariantGroup section */

/* Begin XCBuildConfiguration section */
		F4C99552256AB9D9002A3A6C /* Debug */ = {
			isa = XCBuildConfiguration;
			buildSettings = {
				ALWAYS_SEARCH_USER_PATHS = NO;
				CLANG_ANALYZER_NONNULL = YES;
				CLANG_ANALYZER_NUMBER_OBJECT_CONVERSION = YES_AGGRESSIVE;
				CLANG_CXX_LANGUAGE_STANDARD = "gnu++14";
				CLANG_CXX_LIBRARY = "libc++";
				CLANG_ENABLE_MODULES = YES;
				CLANG_ENABLE_OBJC_ARC = YES;
				CLANG_ENABLE_OBJC_WEAK = YES;
				CLANG_WARN_BLOCK_CAPTURE_AUTORELEASING = YES;
				CLANG_WARN_BOOL_CONVERSION = YES;
				CLANG_WARN_COMMA = YES;
				CLANG_WARN_CONSTANT_CONVERSION = YES;
				CLANG_WARN_DEPRECATED_OBJC_IMPLEMENTATIONS = YES;
				CLANG_WARN_DIRECT_OBJC_ISA_USAGE = YES_ERROR;
				CLANG_WARN_DOCUMENTATION_COMMENTS = YES;
				CLANG_WARN_EMPTY_BODY = YES;
				CLANG_WARN_ENUM_CONVERSION = YES;
				CLANG_WARN_INFINITE_RECURSION = YES;
				CLANG_WARN_INT_CONVERSION = YES;
				CLANG_WARN_NON_LITERAL_NULL_CONVERSION = YES;
				CLANG_WARN_OBJC_IMPLICIT_RETAIN_SELF = YES;
				CLANG_WARN_OBJC_LITERAL_CONVERSION = YES;
				CLANG_WARN_OBJC_ROOT_CLASS = YES_ERROR;
				CLANG_WARN_QUOTED_INCLUDE_IN_FRAMEWORK_HEADER = YES;
				CLANG_WARN_RANGE_LOOP_ANALYSIS = YES;
				CLANG_WARN_STRICT_PROTOTYPES = YES;
				CLANG_WARN_SUSPICIOUS_MOVE = YES;
				CLANG_WARN_UNGUARDED_AVAILABILITY = YES_AGGRESSIVE;
				CLANG_WARN_UNREACHABLE_CODE = YES;
				CLANG_WARN__DUPLICATE_METHOD_MATCH = YES;
				COPY_PHASE_STRIP = NO;
				DEBUG_INFORMATION_FORMAT = dwarf;
				ENABLE_STRICT_OBJC_MSGSEND = YES;
				ENABLE_TESTABILITY = YES;
				GCC_C_LANGUAGE_STANDARD = gnu11;
				GCC_DYNAMIC_NO_PIC = NO;
				GCC_NO_COMMON_BLOCKS = YES;
				GCC_OPTIMIZATION_LEVEL = 0;
				GCC_PREPROCESSOR_DEFINITIONS = (
					"DEBUG=1",
					"$(inherited)",
				);
				GCC_WARN_64_TO_32_BIT_CONVERSION = YES;
				GCC_WARN_ABOUT_RETURN_TYPE = YES_ERROR;
				GCC_WARN_UNDECLARED_SELECTOR = YES;
				GCC_WARN_UNINITIALIZED_AUTOS = YES_AGGRESSIVE;
				GCC_WARN_UNUSED_FUNCTION = YES;
				GCC_WARN_UNUSED_VARIABLE = YES;
				IPHONEOS_DEPLOYMENT_TARGET = 13.0;
				MTL_ENABLE_DEBUG_INFO = INCLUDE_SOURCE;
				MTL_FAST_MATH = YES;
				ONLY_ACTIVE_ARCH = YES;
				SDKROOT = iphoneos;
				SWIFT_ACTIVE_COMPILATION_CONDITIONS = DEBUG;
				SWIFT_OPTIMIZATION_LEVEL = "-Onone";
			};
			name = Debug;
		};
		F4C99553256AB9D9002A3A6C /* Release */ = {
			isa = XCBuildConfiguration;
			buildSettings = {
				ALWAYS_SEARCH_USER_PATHS = NO;
				CLANG_ANALYZER_NONNULL = YES;
				CLANG_ANALYZER_NUMBER_OBJECT_CONVERSION = YES_AGGRESSIVE;
				CLANG_CXX_LANGUAGE_STANDARD = "gnu++14";
				CLANG_CXX_LIBRARY = "libc++";
				CLANG_ENABLE_MODULES = YES;
				CLANG_ENABLE_OBJC_ARC = YES;
				CLANG_ENABLE_OBJC_WEAK = YES;
				CLANG_WARN_BLOCK_CAPTURE_AUTORELEASING = YES;
				CLANG_WARN_BOOL_CONVERSION = YES;
				CLANG_WARN_COMMA = YES;
				CLANG_WARN_CONSTANT_CONVERSION = YES;
				CLANG_WARN_DEPRECATED_OBJC_IMPLEMENTATIONS = YES;
				CLANG_WARN_DIRECT_OBJC_ISA_USAGE = YES_ERROR;
				CLANG_WARN_DOCUMENTATION_COMMENTS = YES;
				CLANG_WARN_EMPTY_BODY = YES;
				CLANG_WARN_ENUM_CONVERSION = YES;
				CLANG_WARN_INFINITE_RECURSION = YES;
				CLANG_WARN_INT_CONVERSION = YES;
				CLANG_WARN_NON_LITERAL_NULL_CONVERSION = YES;
				CLANG_WARN_OBJC_IMPLICIT_RETAIN_SELF = YES;
				CLANG_WARN_OBJC_LITERAL_CONVERSION = YES;
				CLANG_WARN_OBJC_ROOT_CLASS = YES_ERROR;
				CLANG_WARN_QUOTED_INCLUDE_IN_FRAMEWORK_HEADER = YES;
				CLANG_WARN_RANGE_LOOP_ANALYSIS = YES;
				CLANG_WARN_STRICT_PROTOTYPES = YES;
				CLANG_WARN_SUSPICIOUS_MOVE = YES;
				CLANG_WARN_UNGUARDED_AVAILABILITY = YES_AGGRESSIVE;
				CLANG_WARN_UNREACHABLE_CODE = YES;
				CLANG_WARN__DUPLICATE_METHOD_MATCH = YES;
				COPY_PHASE_STRIP = NO;
				DEBUG_INFORMATION_FORMAT = "dwarf-with-dsym";
				ENABLE_NS_ASSERTIONS = NO;
				ENABLE_STRICT_OBJC_MSGSEND = YES;
				GCC_C_LANGUAGE_STANDARD = gnu11;
				GCC_NO_COMMON_BLOCKS = YES;
				GCC_WARN_64_TO_32_BIT_CONVERSION = YES;
				GCC_WARN_ABOUT_RETURN_TYPE = YES_ERROR;
				GCC_WARN_UNDECLARED_SELECTOR = YES;
				GCC_WARN_UNINITIALIZED_AUTOS = YES_AGGRESSIVE;
				GCC_WARN_UNUSED_FUNCTION = YES;
				GCC_WARN_UNUSED_VARIABLE = YES;
				IPHONEOS_DEPLOYMENT_TARGET = 13.0;
				MTL_ENABLE_DEBUG_INFO = NO;
				MTL_FAST_MATH = YES;
				SDKROOT = iphoneos;
				SWIFT_COMPILATION_MODE = wholemodule;
				SWIFT_OPTIMIZATION_LEVEL = "-O";
				VALIDATE_PRODUCT = YES;
			};
			name = Release;
		};
		F4C99555256AB9D9002A3A6C /* Debug */ = {
			isa = XCBuildConfiguration;
			baseConfigurationReference = 5220C701F4F08C5626047B66 /* Pods-GrubChill.debug.xcconfig */;
			buildSettings = {
				ASSETCATALOG_COMPILER_APPICON_NAME = AppIcon;
				ASSETCATALOG_COMPILER_GLOBAL_ACCENT_COLOR_NAME = AccentColor;
				CODE_SIGN_IDENTITY = "Apple Development";
				CODE_SIGN_STYLE = Automatic;
				CURRENT_PROJECT_VERSION = 1.1;
				DEVELOPMENT_TEAM = B7G295DR4F;
				INFOPLIST_FILE = GrubChill/Info.plist;
				IPHONEOS_DEPLOYMENT_TARGET = 13.0;
				LD_RUNPATH_SEARCH_PATHS = (
					"$(inherited)",
					"@executable_path/Frameworks",
				);
				PRODUCT_BUNDLE_IDENTIFIER = com.food.GrubChill;
				PRODUCT_NAME = "$(TARGET_NAME)";
				PROVISIONING_PROFILE_SPECIFIER = "";
				SWIFT_VERSION = 5.0;
				TARGETED_DEVICE_FAMILY = "1,2";
			};
			name = Debug;
		};
		F4C99556256AB9D9002A3A6C /* Release */ = {
			isa = XCBuildConfiguration;
			baseConfigurationReference = 998133DE1912EA25714E5EAC /* Pods-GrubChill.release.xcconfig */;
			buildSettings = {
				ASSETCATALOG_COMPILER_APPICON_NAME = AppIcon;
				ASSETCATALOG_COMPILER_GLOBAL_ACCENT_COLOR_NAME = AccentColor;
				CODE_SIGN_IDENTITY = "Apple Development";
				CODE_SIGN_STYLE = Automatic;
				CURRENT_PROJECT_VERSION = 1.1;
				DEVELOPMENT_TEAM = B7G295DR4F;
				INFOPLIST_FILE = GrubChill/Info.plist;
				IPHONEOS_DEPLOYMENT_TARGET = 13.0;
				LD_RUNPATH_SEARCH_PATHS = (
					"$(inherited)",
					"@executable_path/Frameworks",
				);
				PRODUCT_BUNDLE_IDENTIFIER = com.food.GrubChill;
				PRODUCT_NAME = "$(TARGET_NAME)";
				PROVISIONING_PROFILE_SPECIFIER = "";
				SWIFT_VERSION = 5.0;
				TARGETED_DEVICE_FAMILY = "1,2";
			};
			name = Release;
		};
		F4C99558256AB9D9002A3A6C /* Debug */ = {
			isa = XCBuildConfiguration;
			baseConfigurationReference = A6B9EB265F52F756A5742B4C /* Pods-GrubChillTests.debug.xcconfig */;
			buildSettings = {
				ALWAYS_EMBED_SWIFT_STANDARD_LIBRARIES = YES;
				BUNDLE_LOADER = "$(TEST_HOST)";
				CODE_SIGN_STYLE = Automatic;
				DEVELOPMENT_TEAM = 3A2ZCD2BLN;
				INFOPLIST_FILE = GrubChillTests/Info.plist;
				IPHONEOS_DEPLOYMENT_TARGET = 14.1;
				LD_RUNPATH_SEARCH_PATHS = (
					"$(inherited)",
					"@executable_path/Frameworks",
					"@loader_path/Frameworks",
				);
				PRODUCT_BUNDLE_IDENTIFIER = com.food.GrubChillTests;
				PRODUCT_NAME = "$(TARGET_NAME)";
				SWIFT_VERSION = 5.0;
				TARGETED_DEVICE_FAMILY = "1,2";
				TEST_HOST = "$(BUILT_PRODUCTS_DIR)/GrubChill.app/GrubChill";
			};
			name = Debug;
		};
		F4C99559256AB9D9002A3A6C /* Release */ = {
			isa = XCBuildConfiguration;
			baseConfigurationReference = B6DF07CBFA6F22133C51CB22 /* Pods-GrubChillTests.release.xcconfig */;
			buildSettings = {
				ALWAYS_EMBED_SWIFT_STANDARD_LIBRARIES = YES;
				BUNDLE_LOADER = "$(TEST_HOST)";
				CODE_SIGN_STYLE = Automatic;
				DEVELOPMENT_TEAM = 3A2ZCD2BLN;
				INFOPLIST_FILE = GrubChillTests/Info.plist;
				IPHONEOS_DEPLOYMENT_TARGET = 14.1;
				LD_RUNPATH_SEARCH_PATHS = (
					"$(inherited)",
					"@executable_path/Frameworks",
					"@loader_path/Frameworks",
				);
				PRODUCT_BUNDLE_IDENTIFIER = com.food.GrubChillTests;
				PRODUCT_NAME = "$(TARGET_NAME)";
				SWIFT_VERSION = 5.0;
				TARGETED_DEVICE_FAMILY = "1,2";
				TEST_HOST = "$(BUILT_PRODUCTS_DIR)/GrubChill.app/GrubChill";
			};
			name = Release;
		};
		F4C9955B256AB9D9002A3A6C /* Debug */ = {
			isa = XCBuildConfiguration;
			baseConfigurationReference = ED5D238FCE7A1CFE0011305F /* Pods-GrubChill-GrubChillUITests.debug.xcconfig */;
			buildSettings = {
				ALWAYS_EMBED_SWIFT_STANDARD_LIBRARIES = YES;
				CODE_SIGN_STYLE = Automatic;
				DEVELOPMENT_TEAM = 3A2ZCD2BLN;
				INFOPLIST_FILE = GrubChillUITests/Info.plist;
				LD_RUNPATH_SEARCH_PATHS = (
					"$(inherited)",
					"@executable_path/Frameworks",
					"@loader_path/Frameworks",
				);
				PRODUCT_BUNDLE_IDENTIFIER = com.food.GrubChillUITests;
				PRODUCT_NAME = "$(TARGET_NAME)";
				SWIFT_VERSION = 5.0;
				TARGETED_DEVICE_FAMILY = "1,2";
				TEST_TARGET_NAME = GrubChill;
			};
			name = Debug;
		};
		F4C9955C256AB9D9002A3A6C /* Release */ = {
			isa = XCBuildConfiguration;
			baseConfigurationReference = 50EA8FE4CFA37813F8EDB758 /* Pods-GrubChill-GrubChillUITests.release.xcconfig */;
			buildSettings = {
				ALWAYS_EMBED_SWIFT_STANDARD_LIBRARIES = YES;
				CODE_SIGN_STYLE = Automatic;
				DEVELOPMENT_TEAM = 3A2ZCD2BLN;
				INFOPLIST_FILE = GrubChillUITests/Info.plist;
				LD_RUNPATH_SEARCH_PATHS = (
					"$(inherited)",
					"@executable_path/Frameworks",
					"@loader_path/Frameworks",
				);
				PRODUCT_BUNDLE_IDENTIFIER = com.food.GrubChillUITests;
				PRODUCT_NAME = "$(TARGET_NAME)";
				SWIFT_VERSION = 5.0;
				TARGETED_DEVICE_FAMILY = "1,2";
				TEST_TARGET_NAME = GrubChill;
			};
			name = Release;
		};
/* End XCBuildConfiguration section */

/* Begin XCConfigurationList section */
		F4C99525256AB9D7002A3A6C /* Build configuration list for PBXProject "GrubChill" */ = {
			isa = XCConfigurationList;
			buildConfigurations = (
				F4C99552256AB9D9002A3A6C /* Debug */,
				F4C99553256AB9D9002A3A6C /* Release */,
			);
			defaultConfigurationIsVisible = 0;
			defaultConfigurationName = Release;
		};
		F4C99554256AB9D9002A3A6C /* Build configuration list for PBXNativeTarget "GrubChill" */ = {
			isa = XCConfigurationList;
			buildConfigurations = (
				F4C99555256AB9D9002A3A6C /* Debug */,
				F4C99556256AB9D9002A3A6C /* Release */,
			);
			defaultConfigurationIsVisible = 0;
			defaultConfigurationName = Release;
		};
		F4C99557256AB9D9002A3A6C /* Build configuration list for PBXNativeTarget "GrubChillTests" */ = {
			isa = XCConfigurationList;
			buildConfigurations = (
				F4C99558256AB9D9002A3A6C /* Debug */,
				F4C99559256AB9D9002A3A6C /* Release */,
			);
			defaultConfigurationIsVisible = 0;
			defaultConfigurationName = Release;
		};
		F4C9955A256AB9D9002A3A6C /* Build configuration list for PBXNativeTarget "GrubChillUITests" */ = {
			isa = XCConfigurationList;
			buildConfigurations = (
				F4C9955B256AB9D9002A3A6C /* Debug */,
				F4C9955C256AB9D9002A3A6C /* Release */,
			);
			defaultConfigurationIsVisible = 0;
			defaultConfigurationName = Release;
		};
/* End XCConfigurationList section */
	};
	rootObject = F4C99522256AB9D7002A3A6C /* Project object */;
}
